// !$*UTF8*$!
{
	archiveVersion = 1;
	classes = {
	};
	objectVersion = 51;
	objects = {

/* Begin PBXBuildFile section */
		042A0113224A67DC0070CEAE /* Cartoon01VC.swift in Sources */ = {isa = PBXBuildFile; fileRef = 042A0112224A67DC0070CEAE /* Cartoon01VC.swift */; };
		042A0115224A67F30070CEAE /* Cartoon02VC.swift in Sources */ = {isa = PBXBuildFile; fileRef = 042A0114224A67F30070CEAE /* Cartoon02VC.swift */; };
		042A0117224A784E0070CEAE /* Cartoon03VC.swift in Sources */ = {isa = PBXBuildFile; fileRef = 042A0116224A784E0070CEAE /* Cartoon03VC.swift */; };
		042A0119224A78570070CEAE /* Cartoon04VC.swift in Sources */ = {isa = PBXBuildFile; fileRef = 042A0118224A78570070CEAE /* Cartoon04VC.swift */; };
		042A011B224A78C10070CEAE /* Cartoon05VC.swift in Sources */ = {isa = PBXBuildFile; fileRef = 042A011A224A78C10070CEAE /* Cartoon05VC.swift */; };
		04B7EA25224625C800AADADE /* AppDelegate.swift in Sources */ = {isa = PBXBuildFile; fileRef = 04B7EA24224625C800AADADE /* AppDelegate.swift */; };
		04B7EA27224625C800AADADE /* SplashVC.swift in Sources */ = {isa = PBXBuildFile; fileRef = 04B7EA26224625C800AADADE /* SplashVC.swift */; };
		04B7EA2F224625C900AADADE /* LaunchScreen.storyboard in Resources */ = {isa = PBXBuildFile; fileRef = 04B7EA2D224625C900AADADE /* LaunchScreen.storyboard */; };
		04B7EA3A224625C900AADADE /* letter_mouseTests.swift in Sources */ = {isa = PBXBuildFile; fileRef = 04B7EA39224625C900AADADE /* letter_mouseTests.swift */; };
		04B7EA45224625C900AADADE /* letter_mouseUITests.swift in Sources */ = {isa = PBXBuildFile; fileRef = 04B7EA44224625C900AADADE /* letter_mouseUITests.swift */; };
		04C1DA2822A69732009CBDC8 /* Cartoon06VC.swift in Sources */ = {isa = PBXBuildFile; fileRef = 04C1DA2722A69732009CBDC8 /* Cartoon06VC.swift */; };
		04C1DA2A22A6973D009CBDC8 /* Cartoon07VC.swift in Sources */ = {isa = PBXBuildFile; fileRef = 04C1DA2922A6973D009CBDC8 /* Cartoon07VC.swift */; };
		04C1DA2C22A69952009CBDC8 /* JGAssets.xcassets in Resources */ = {isa = PBXBuildFile; fileRef = 04C1DA2B22A69952009CBDC8 /* JGAssets.xcassets */; };
		04C1DA2E22A69EE5009CBDC8 /* Cartoon08VC.swift in Sources */ = {isa = PBXBuildFile; fileRef = 04C1DA2D22A69EE5009CBDC8 /* Cartoon08VC.swift */; };
		10F3BA933D8460B72F4532CC /* Pods_letter_mouseUITests.framework in Frameworks */ = {isa = PBXBuildFile; fileRef = 65B78A5E955DD11E5FB987AA /* Pods_letter_mouseUITests.framework */; };
		3DD3F08E0EB622DA3AC04AAA /* Pods_letter_mouseTests.framework in Frameworks */ = {isa = PBXBuildFile; fileRef = 67011DF8190CF15B5ECA6FBE /* Pods_letter_mouseTests.framework */; };
		630F2B0122E6EE9A009FB2AF /* EZSwipeController.swift in Sources */ = {isa = PBXBuildFile; fileRef = 630F2B0022E6EE9A009FB2AF /* EZSwipeController.swift */; };
		63F1BEB922F158B000E7454C /* main_g.gif in Resources */ = {isa = PBXBuildFile; fileRef = 63F1BEB822F158B000E7454C /* main_g.gif */; };
		774767D02401778E0099105B /* JGNavigator.swift in Sources */ = {isa = PBXBuildFile; fileRef = 774767CF2401778E0099105B /* JGNavigator.swift */; };
		774767D424017A3C0099105B /* CartoonReactor.swift in Sources */ = {isa = PBXBuildFile; fileRef = 774767D324017A3C0099105B /* CartoonReactor.swift */; };
		774767D624017CCB0099105B /* CartoonMainVC.swift in Sources */ = {isa = PBXBuildFile; fileRef = 774767D524017CCB0099105B /* CartoonMainVC.swift */; };
		774767DB240269D10099105B /* MainVC.swift in Sources */ = {isa = PBXBuildFile; fileRef = 774767DA240269D10099105B /* MainVC.swift */; };
		774767DD240269E50099105B /* MainReactor.swift in Sources */ = {isa = PBXBuildFile; fileRef = 774767DC240269E50099105B /* MainReactor.swift */; };
		774767DF24026D0F0099105B /* Rx+Extensions.swift in Sources */ = {isa = PBXBuildFile; fileRef = 774767DE24026D0F0099105B /* Rx+Extensions.swift */; };
		774767E124026D6A0099105B /* UI+Extensions.swift in Sources */ = {isa = PBXBuildFile; fileRef = 774767E024026D6A0099105B /* UI+Extensions.swift */; };
		774767E42402735D0099105B /* Binggrae-Bold.otf in Resources */ = {isa = PBXBuildFile; fileRef = 774767E22402735C0099105B /* Binggrae-Bold.otf */; };
		774767E52402735D0099105B /* Binggrae.otf in Resources */ = {isa = PBXBuildFile; fileRef = 774767E32402735D0099105B /* Binggrae.otf */; };
		774767E7240274470099105B /* UIFont+extensions.swift in Sources */ = {isa = PBXBuildFile; fileRef = 774767E6240274470099105B /* UIFont+extensions.swift */; };
		774767E9240281FE0099105B /* LocationModule.swift in Sources */ = {isa = PBXBuildFile; fileRef = 774767E8240281FE0099105B /* LocationModule.swift */; };
		774767EC240298490099105B /* JGServices.swift in Sources */ = {isa = PBXBuildFile; fileRef = 774767EB240298490099105B /* JGServices.swift */; };
		774767EE240298940099105B /* JGApiService.swift in Sources */ = {isa = PBXBuildFile; fileRef = 774767ED240298940099105B /* JGApiService.swift */; };
		774767F02402996D0099105B /* JGEndPoint.swift in Sources */ = {isa = PBXBuildFile; fileRef = 774767EF2402996D0099105B /* JGEndPoint.swift */; };
		774767F32402A6100099105B /* What3WordsResponse.swift in Sources */ = {isa = PBXBuildFile; fileRef = 774767F22402A6100099105B /* What3WordsResponse.swift */; };
		77620A5F240ABEC000512446 /* LetterService.swift in Sources */ = {isa = PBXBuildFile; fileRef = 77620A5E240ABEC000512446 /* LetterService.swift */; };
		77620A61240ACCB400512446 /* Legacy.swift in Sources */ = {isa = PBXBuildFile; fileRef = 77620A60240ACCB400512446 /* Legacy.swift */; };
		776B091C2401711500A5F0E7 /* SplashReactor.swift in Sources */ = {isa = PBXBuildFile; fileRef = 776B091B2401711500A5F0E7 /* SplashReactor.swift */; };
		776B091F2401728F00A5F0E7 /* UIColor+Extensions.swift in Sources */ = {isa = PBXBuildFile; fileRef = 776B091E2401728F00A5F0E7 /* UIColor+Extensions.swift */; };
		7771D7C42407C742003A03B4 /* SendLetterRequest.swift in Sources */ = {isa = PBXBuildFile; fileRef = 7771D7C32407C742003A03B4 /* SendLetterRequest.swift */; };
		7771D7C72407C7A1003A03B4 /* SendLetterResponse.swift in Sources */ = {isa = PBXBuildFile; fileRef = 7771D7C62407C7A0003A03B4 /* SendLetterResponse.swift */; };
		7771D7C92407D1D5003A03B4 /* StandardButton.swift in Sources */ = {isa = PBXBuildFile; fileRef = 7771D7C82407D1D5003A03B4 /* StandardButton.swift */; };
		7771D7CB2407D1EC003A03B4 /* ArtiButton.swift in Sources */ = {isa = PBXBuildFile; fileRef = 7771D7CA2407D1EC003A03B4 /* ArtiButton.swift */; };
		7771D7CD2407D20C003A03B4 /* CommonCircularButton.swift in Sources */ = {isa = PBXBuildFile; fileRef = 7771D7CC2407D20C003A03B4 /* CommonCircularButton.swift */; };
		7771D7CF2407D605003A03B4 /* SendLetterResultVC.swift in Sources */ = {isa = PBXBuildFile; fileRef = 7771D7CE2407D605003A03B4 /* SendLetterResultVC.swift */; };
		77A8CDB824095160005788A7 /* FindLetterMainVC.swift in Sources */ = {isa = PBXBuildFile; fileRef = 77A8CDB724095160005788A7 /* FindLetterMainVC.swift */; };
		77A8CDBA240951A3005788A7 /* FindLetterReactor.swift in Sources */ = {isa = PBXBuildFile; fileRef = 77A8CDB9240951A3005788A7 /* FindLetterReactor.swift */; };
		77A8CDBC24096515005788A7 /* FindLetterRequest.swift in Sources */ = {isa = PBXBuildFile; fileRef = 77A8CDBB24096515005788A7 /* FindLetterRequest.swift */; };
		77A8CDBE24096585005788A7 /* FindLetterResponse.swift in Sources */ = {isa = PBXBuildFile; fileRef = 77A8CDBD24096585005788A7 /* FindLetterResponse.swift */; };
		77A8FC6324075E4200D1430A /* LetterSubLine.swift in Sources */ = {isa = PBXBuildFile; fileRef = 77A8FC6224075E4200D1430A /* LetterSubLine.swift */; };
		77A8FC652407730D00D1430A /* LetterStep.swift in Sources */ = {isa = PBXBuildFile; fileRef = 77A8FC642407730D00D1430A /* LetterStep.swift */; };
		77BCC58F24080E42002E3A59 /* DefaultsService.swift in Sources */ = {isa = PBXBuildFile; fileRef = 77BCC58E24080E42002E3A59 /* DefaultsService.swift */; };
		77BFF606240A4DFB000AFF83 /* FindLetterTrackingVC.swift in Sources */ = {isa = PBXBuildFile; fileRef = 77BFF605240A4DFB000AFF83 /* FindLetterTrackingVC.swift */; };
		77DAF8892401034600928DDE /* JGImages.swift in Sources */ = {isa = PBXBuildFile; fileRef = 77DAF8882401034600928DDE /* JGImages.swift */; };
		77DAF88C2401060500928DDE /* UIImage+Extensions.swift in Sources */ = {isa = PBXBuildFile; fileRef = 77DAF88B2401060500928DDE /* UIImage+Extensions.swift */; };
		77DAF88E2401062100928DDE /* String+Extensions.swift in Sources */ = {isa = PBXBuildFile; fileRef = 77DAF88D2401062100928DDE /* String+Extensions.swift */; };
		77DAF8912401066A00928DDE /* Logger.swift in Sources */ = {isa = PBXBuildFile; fileRef = 77DAF8902401066A00928DDE /* Logger.swift */; };
		77DAF894240107C500928DDE /* GIFModule.swift in Sources */ = {isa = PBXBuildFile; fileRef = 77DAF893240107C500928DDE /* GIFModule.swift */; };
		77DAF8962401081600928DDE /* BaseViewController.swift in Sources */ = {isa = PBXBuildFile; fileRef = 77DAF8952401081600928DDE /* BaseViewController.swift */; };
		77DCB75A2415584100690858 /* LetterError.swift in Sources */ = {isa = PBXBuildFile; fileRef = 77DCB7592415584100690858 /* LetterError.swift */; };
		77DCB75C2415597D00690858 /* UIAlert+Extensions.swift in Sources */ = {isa = PBXBuildFile; fileRef = 77DCB75B2415597D00690858 /* UIAlert+Extensions.swift */; };
		77ED097F2406B351008454EB /* SendLetterMainVC.swift in Sources */ = {isa = PBXBuildFile; fileRef = 77ED097E2406B351008454EB /* SendLetterMainVC.swift */; };
		77ED09812406B36C008454EB /* SendLetterReactor.swift in Sources */ = {isa = PBXBuildFile; fileRef = 77ED09802406B36C008454EB /* SendLetterReactor.swift */; };
		77ED09832406B485008454EB /* W3WStore.swift in Sources */ = {isa = PBXBuildFile; fileRef = 77ED09822406B485008454EB /* W3WStore.swift */; };
		77FDCDB924081F440093DD05 /* SMSTraits.swift in Sources */ = {isa = PBXBuildFile; fileRef = 77FDCDB824081F440093DD05 /* SMSTraits.swift */; };
		DA3434D2B5D1B954807DE436 /* Pods_letter_mouse.framework in Frameworks */ = {isa = PBXBuildFile; fileRef = 2EDE75F8B990B91B7CF487CC /* Pods_letter_mouse.framework */; };
/* End PBXBuildFile section */

/* Begin PBXContainerItemProxy section */
		04B7EA36224625C900AADADE /* PBXContainerItemProxy */ = {
			isa = PBXContainerItemProxy;
			containerPortal = 04B7EA19224625C800AADADE /* Project object */;
			proxyType = 1;
			remoteGlobalIDString = 04B7EA20224625C800AADADE;
			remoteInfo = letter_mouse;
		};
		04B7EA41224625C900AADADE /* PBXContainerItemProxy */ = {
			isa = PBXContainerItemProxy;
			containerPortal = 04B7EA19224625C800AADADE /* Project object */;
			proxyType = 1;
			remoteGlobalIDString = 04B7EA20224625C800AADADE;
			remoteInfo = letter_mouse;
		};
/* End PBXContainerItemProxy section */

/* Begin PBXFileReference section */
		042A0112224A67DC0070CEAE /* Cartoon01VC.swift */ = {isa = PBXFileReference; lastKnownFileType = sourcecode.swift; path = Cartoon01VC.swift; sourceTree = "<group>"; };
		042A0114224A67F30070CEAE /* Cartoon02VC.swift */ = {isa = PBXFileReference; lastKnownFileType = sourcecode.swift; path = Cartoon02VC.swift; sourceTree = "<group>"; };
		042A0116224A784E0070CEAE /* Cartoon03VC.swift */ = {isa = PBXFileReference; lastKnownFileType = sourcecode.swift; path = Cartoon03VC.swift; sourceTree = "<group>"; };
		042A0118224A78570070CEAE /* Cartoon04VC.swift */ = {isa = PBXFileReference; lastKnownFileType = sourcecode.swift; path = Cartoon04VC.swift; sourceTree = "<group>"; };
		042A011A224A78C10070CEAE /* Cartoon05VC.swift */ = {isa = PBXFileReference; lastKnownFileType = sourcecode.swift; path = Cartoon05VC.swift; sourceTree = "<group>"; };
		04B7EA21224625C800AADADE /* letter_mouse.app */ = {isa = PBXFileReference; explicitFileType = wrapper.application; includeInIndex = 0; path = letter_mouse.app; sourceTree = BUILT_PRODUCTS_DIR; };
		04B7EA24224625C800AADADE /* AppDelegate.swift */ = {isa = PBXFileReference; lastKnownFileType = sourcecode.swift; path = AppDelegate.swift; sourceTree = "<group>"; };
		04B7EA26224625C800AADADE /* SplashVC.swift */ = {isa = PBXFileReference; lastKnownFileType = sourcecode.swift; path = SplashVC.swift; sourceTree = "<group>"; };
		04B7EA2E224625C900AADADE /* Base */ = {isa = PBXFileReference; lastKnownFileType = file.storyboard; name = Base; path = Base.lproj/LaunchScreen.storyboard; sourceTree = "<group>"; };
		04B7EA30224625C900AADADE /* Info.plist */ = {isa = PBXFileReference; lastKnownFileType = text.plist.xml; path = Info.plist; sourceTree = "<group>"; };
		04B7EA35224625C900AADADE /* letter_mouseTests.xctest */ = {isa = PBXFileReference; explicitFileType = wrapper.cfbundle; includeInIndex = 0; path = letter_mouseTests.xctest; sourceTree = BUILT_PRODUCTS_DIR; };
		04B7EA39224625C900AADADE /* letter_mouseTests.swift */ = {isa = PBXFileReference; lastKnownFileType = sourcecode.swift; path = letter_mouseTests.swift; sourceTree = "<group>"; };
		04B7EA3B224625C900AADADE /* Info.plist */ = {isa = PBXFileReference; lastKnownFileType = text.plist.xml; path = Info.plist; sourceTree = "<group>"; };
		04B7EA40224625C900AADADE /* letter_mouseUITests.xctest */ = {isa = PBXFileReference; explicitFileType = wrapper.cfbundle; includeInIndex = 0; path = letter_mouseUITests.xctest; sourceTree = BUILT_PRODUCTS_DIR; };
		04B7EA44224625C900AADADE /* letter_mouseUITests.swift */ = {isa = PBXFileReference; lastKnownFileType = sourcecode.swift; path = letter_mouseUITests.swift; sourceTree = "<group>"; };
		04B7EA46224625C900AADADE /* Info.plist */ = {isa = PBXFileReference; lastKnownFileType = text.plist.xml; path = Info.plist; sourceTree = "<group>"; };
		04C1DA2722A69732009CBDC8 /* Cartoon06VC.swift */ = {isa = PBXFileReference; lastKnownFileType = sourcecode.swift; path = Cartoon06VC.swift; sourceTree = "<group>"; };
		04C1DA2922A6973D009CBDC8 /* Cartoon07VC.swift */ = {isa = PBXFileReference; lastKnownFileType = sourcecode.swift; path = Cartoon07VC.swift; sourceTree = "<group>"; };
		04C1DA2B22A69952009CBDC8 /* JGAssets.xcassets */ = {isa = PBXFileReference; lastKnownFileType = folder.assetcatalog; path = JGAssets.xcassets; sourceTree = "<group>"; };
		04C1DA2D22A69EE5009CBDC8 /* Cartoon08VC.swift */ = {isa = PBXFileReference; lastKnownFileType = sourcecode.swift; path = Cartoon08VC.swift; sourceTree = "<group>"; };
		2B42B42440795A00CEAD9FEE /* Pods-letter_mouseTests.debug.xcconfig */ = {isa = PBXFileReference; includeInIndex = 1; lastKnownFileType = text.xcconfig; name = "Pods-letter_mouseTests.debug.xcconfig"; path = "Target Support Files/Pods-letter_mouseTests/Pods-letter_mouseTests.debug.xcconfig"; sourceTree = "<group>"; };
		2B6BF9A07BF9C3986A468580 /* Pods-letter_mouseUITests.debug.xcconfig */ = {isa = PBXFileReference; includeInIndex = 1; lastKnownFileType = text.xcconfig; name = "Pods-letter_mouseUITests.debug.xcconfig"; path = "Target Support Files/Pods-letter_mouseUITests/Pods-letter_mouseUITests.debug.xcconfig"; sourceTree = "<group>"; };
		2EDE75F8B990B91B7CF487CC /* Pods_letter_mouse.framework */ = {isa = PBXFileReference; explicitFileType = wrapper.framework; includeInIndex = 0; path = Pods_letter_mouse.framework; sourceTree = BUILT_PRODUCTS_DIR; };
		3214F9BC3BF47AD72D7FC1F8 /* Pods-letter_mouse.debug.xcconfig */ = {isa = PBXFileReference; includeInIndex = 1; lastKnownFileType = text.xcconfig; name = "Pods-letter_mouse.debug.xcconfig"; path = "Target Support Files/Pods-letter_mouse/Pods-letter_mouse.debug.xcconfig"; sourceTree = "<group>"; };
		3C41F9457FC674C8A7775141 /* Pods-letter_mouse.release.xcconfig */ = {isa = PBXFileReference; includeInIndex = 1; lastKnownFileType = text.xcconfig; name = "Pods-letter_mouse.release.xcconfig"; path = "Target Support Files/Pods-letter_mouse/Pods-letter_mouse.release.xcconfig"; sourceTree = "<group>"; };
		630F2B0022E6EE9A009FB2AF /* EZSwipeController.swift */ = {isa = PBXFileReference; lastKnownFileType = sourcecode.swift; path = EZSwipeController.swift; sourceTree = "<group>"; };
		63F1BEB822F158B000E7454C /* main_g.gif */ = {isa = PBXFileReference; lastKnownFileType = image.gif; path = main_g.gif; sourceTree = "<group>"; };
		65B78A5E955DD11E5FB987AA /* Pods_letter_mouseUITests.framework */ = {isa = PBXFileReference; explicitFileType = wrapper.framework; includeInIndex = 0; path = Pods_letter_mouseUITests.framework; sourceTree = BUILT_PRODUCTS_DIR; };
		67011DF8190CF15B5ECA6FBE /* Pods_letter_mouseTests.framework */ = {isa = PBXFileReference; explicitFileType = wrapper.framework; includeInIndex = 0; path = Pods_letter_mouseTests.framework; sourceTree = BUILT_PRODUCTS_DIR; };
		72036A90FC14EE9572936A41 /* Pods-letter_mouseTests.release.xcconfig */ = {isa = PBXFileReference; includeInIndex = 1; lastKnownFileType = text.xcconfig; name = "Pods-letter_mouseTests.release.xcconfig"; path = "Target Support Files/Pods-letter_mouseTests/Pods-letter_mouseTests.release.xcconfig"; sourceTree = "<group>"; };
		774767CF2401778E0099105B /* JGNavigator.swift */ = {isa = PBXFileReference; lastKnownFileType = sourcecode.swift; path = JGNavigator.swift; sourceTree = "<group>"; };
		774767D324017A3C0099105B /* CartoonReactor.swift */ = {isa = PBXFileReference; lastKnownFileType = sourcecode.swift; path = CartoonReactor.swift; sourceTree = "<group>"; };
		774767D524017CCB0099105B /* CartoonMainVC.swift */ = {isa = PBXFileReference; lastKnownFileType = sourcecode.swift; path = CartoonMainVC.swift; sourceTree = "<group>"; };
		774767DA240269D10099105B /* MainVC.swift */ = {isa = PBXFileReference; lastKnownFileType = sourcecode.swift; path = MainVC.swift; sourceTree = "<group>"; };
		774767DC240269E50099105B /* MainReactor.swift */ = {isa = PBXFileReference; lastKnownFileType = sourcecode.swift; path = MainReactor.swift; sourceTree = "<group>"; };
		774767DE24026D0F0099105B /* Rx+Extensions.swift */ = {isa = PBXFileReference; lastKnownFileType = sourcecode.swift; path = "Rx+Extensions.swift"; sourceTree = "<group>"; };
		774767E024026D6A0099105B /* UI+Extensions.swift */ = {isa = PBXFileReference; lastKnownFileType = sourcecode.swift; path = "UI+Extensions.swift"; sourceTree = "<group>"; };
		774767E22402735C0099105B /* Binggrae-Bold.otf */ = {isa = PBXFileReference; lastKnownFileType = file; path = "Binggrae-Bold.otf"; sourceTree = "<group>"; };
		774767E32402735D0099105B /* Binggrae.otf */ = {isa = PBXFileReference; lastKnownFileType = file; path = Binggrae.otf; sourceTree = "<group>"; };
		774767E6240274470099105B /* UIFont+extensions.swift */ = {isa = PBXFileReference; lastKnownFileType = sourcecode.swift; path = "UIFont+extensions.swift"; sourceTree = "<group>"; };
		774767E8240281FE0099105B /* LocationModule.swift */ = {isa = PBXFileReference; lastKnownFileType = sourcecode.swift; path = LocationModule.swift; sourceTree = "<group>"; };
		774767EB240298490099105B /* JGServices.swift */ = {isa = PBXFileReference; lastKnownFileType = sourcecode.swift; path = JGServices.swift; sourceTree = "<group>"; };
		774767ED240298940099105B /* JGApiService.swift */ = {isa = PBXFileReference; lastKnownFileType = sourcecode.swift; path = JGApiService.swift; sourceTree = "<group>"; };
		774767EF2402996D0099105B /* JGEndPoint.swift */ = {isa = PBXFileReference; lastKnownFileType = sourcecode.swift; path = JGEndPoint.swift; sourceTree = "<group>"; };
		774767F22402A6100099105B /* What3WordsResponse.swift */ = {isa = PBXFileReference; lastKnownFileType = sourcecode.swift; path = What3WordsResponse.swift; sourceTree = "<group>"; };
		77620A5E240ABEC000512446 /* LetterService.swift */ = {isa = PBXFileReference; lastKnownFileType = sourcecode.swift; path = LetterService.swift; sourceTree = "<group>"; };
		77620A60240ACCB400512446 /* Legacy.swift */ = {isa = PBXFileReference; lastKnownFileType = sourcecode.swift; path = Legacy.swift; sourceTree = "<group>"; };
		776B091B2401711500A5F0E7 /* SplashReactor.swift */ = {isa = PBXFileReference; lastKnownFileType = sourcecode.swift; path = SplashReactor.swift; sourceTree = "<group>"; };
		776B091E2401728F00A5F0E7 /* UIColor+Extensions.swift */ = {isa = PBXFileReference; lastKnownFileType = sourcecode.swift; path = "UIColor+Extensions.swift"; sourceTree = "<group>"; };
		7771D7C32407C742003A03B4 /* SendLetterRequest.swift */ = {isa = PBXFileReference; lastKnownFileType = sourcecode.swift; path = SendLetterRequest.swift; sourceTree = "<group>"; };
		7771D7C62407C7A0003A03B4 /* SendLetterResponse.swift */ = {isa = PBXFileReference; lastKnownFileType = sourcecode.swift; path = SendLetterResponse.swift; sourceTree = "<group>"; };
		7771D7C82407D1D5003A03B4 /* StandardButton.swift */ = {isa = PBXFileReference; lastKnownFileType = sourcecode.swift; path = StandardButton.swift; sourceTree = "<group>"; };
		7771D7CA2407D1EC003A03B4 /* ArtiButton.swift */ = {isa = PBXFileReference; lastKnownFileType = sourcecode.swift; path = ArtiButton.swift; sourceTree = "<group>"; };
		7771D7CC2407D20C003A03B4 /* CommonCircularButton.swift */ = {isa = PBXFileReference; lastKnownFileType = sourcecode.swift; path = CommonCircularButton.swift; sourceTree = "<group>"; };
		7771D7CE2407D605003A03B4 /* SendLetterResultVC.swift */ = {isa = PBXFileReference; lastKnownFileType = sourcecode.swift; path = SendLetterResultVC.swift; sourceTree = "<group>"; };
		77A8CDB724095160005788A7 /* FindLetterMainVC.swift */ = {isa = PBXFileReference; lastKnownFileType = sourcecode.swift; path = FindLetterMainVC.swift; sourceTree = "<group>"; };
		77A8CDB9240951A3005788A7 /* FindLetterReactor.swift */ = {isa = PBXFileReference; lastKnownFileType = sourcecode.swift; path = FindLetterReactor.swift; sourceTree = "<group>"; };
		77A8CDBB24096515005788A7 /* FindLetterRequest.swift */ = {isa = PBXFileReference; lastKnownFileType = sourcecode.swift; path = FindLetterRequest.swift; sourceTree = "<group>"; };
		77A8CDBD24096585005788A7 /* FindLetterResponse.swift */ = {isa = PBXFileReference; lastKnownFileType = sourcecode.swift; path = FindLetterResponse.swift; sourceTree = "<group>"; };
		77A8FC6224075E4200D1430A /* LetterSubLine.swift */ = {isa = PBXFileReference; lastKnownFileType = sourcecode.swift; path = LetterSubLine.swift; sourceTree = "<group>"; };
		77A8FC642407730D00D1430A /* LetterStep.swift */ = {isa = PBXFileReference; lastKnownFileType = sourcecode.swift; path = LetterStep.swift; sourceTree = "<group>"; };
		77BCC58E24080E42002E3A59 /* DefaultsService.swift */ = {isa = PBXFileReference; lastKnownFileType = sourcecode.swift; path = DefaultsService.swift; sourceTree = "<group>"; };
		77BFF605240A4DFB000AFF83 /* FindLetterTrackingVC.swift */ = {isa = PBXFileReference; lastKnownFileType = sourcecode.swift; path = FindLetterTrackingVC.swift; sourceTree = "<group>"; };
		77DAF8882401034600928DDE /* JGImages.swift */ = {isa = PBXFileReference; lastKnownFileType = sourcecode.swift; path = JGImages.swift; sourceTree = "<group>"; };
		77DAF88B2401060500928DDE /* UIImage+Extensions.swift */ = {isa = PBXFileReference; lastKnownFileType = sourcecode.swift; path = "UIImage+Extensions.swift"; sourceTree = "<group>"; };
		77DAF88D2401062100928DDE /* String+Extensions.swift */ = {isa = PBXFileReference; lastKnownFileType = sourcecode.swift; path = "String+Extensions.swift"; sourceTree = "<group>"; };
		77DAF8902401066A00928DDE /* Logger.swift */ = {isa = PBXFileReference; lastKnownFileType = sourcecode.swift; path = Logger.swift; sourceTree = "<group>"; };
		77DAF893240107C500928DDE /* GIFModule.swift */ = {isa = PBXFileReference; lastKnownFileType = sourcecode.swift; path = GIFModule.swift; sourceTree = "<group>"; };
		77DAF8952401081600928DDE /* BaseViewController.swift */ = {isa = PBXFileReference; lastKnownFileType = sourcecode.swift; path = BaseViewController.swift; sourceTree = "<group>"; };
		77DCB7592415584100690858 /* LetterError.swift */ = {isa = PBXFileReference; lastKnownFileType = sourcecode.swift; path = LetterError.swift; sourceTree = "<group>"; };
		77DCB75B2415597D00690858 /* UIAlert+Extensions.swift */ = {isa = PBXFileReference; lastKnownFileType = sourcecode.swift; path = "UIAlert+Extensions.swift"; sourceTree = "<group>"; };
		77ED097E2406B351008454EB /* SendLetterMainVC.swift */ = {isa = PBXFileReference; lastKnownFileType = sourcecode.swift; path = SendLetterMainVC.swift; sourceTree = "<group>"; };
		77ED09802406B36C008454EB /* SendLetterReactor.swift */ = {isa = PBXFileReference; lastKnownFileType = sourcecode.swift; path = SendLetterReactor.swift; sourceTree = "<group>"; };
		77ED09822406B485008454EB /* W3WStore.swift */ = {isa = PBXFileReference; lastKnownFileType = sourcecode.swift; path = W3WStore.swift; sourceTree = "<group>"; };
		77FDCDB824081F440093DD05 /* SMSTraits.swift */ = {isa = PBXFileReference; lastKnownFileType = sourcecode.swift; path = SMSTraits.swift; sourceTree = "<group>"; };
		95D6A9F5D51C6183DBFDDDB9 /* Pods-letter_mouseUITests.release.xcconfig */ = {isa = PBXFileReference; includeInIndex = 1; lastKnownFileType = text.xcconfig; name = "Pods-letter_mouseUITests.release.xcconfig"; path = "Target Support Files/Pods-letter_mouseUITests/Pods-letter_mouseUITests.release.xcconfig"; sourceTree = "<group>"; };
/* End PBXFileReference section */

/* Begin PBXFrameworksBuildPhase section */
		04B7EA1E224625C800AADADE /* Frameworks */ = {
			isa = PBXFrameworksBuildPhase;
			buildActionMask = 2147483647;
			files = (
				DA3434D2B5D1B954807DE436 /* Pods_letter_mouse.framework in Frameworks */,
			);
			runOnlyForDeploymentPostprocessing = 0;
		};
		04B7EA32224625C900AADADE /* Frameworks */ = {
			isa = PBXFrameworksBuildPhase;
			buildActionMask = 2147483647;
			files = (
				3DD3F08E0EB622DA3AC04AAA /* Pods_letter_mouseTests.framework in Frameworks */,
			);
			runOnlyForDeploymentPostprocessing = 0;
		};
		04B7EA3D224625C900AADADE /* Frameworks */ = {
			isa = PBXFrameworksBuildPhase;
			buildActionMask = 2147483647;
			files = (
				10F3BA933D8460B72F4532CC /* Pods_letter_mouseUITests.framework in Frameworks */,
			);
			runOnlyForDeploymentPostprocessing = 0;
		};
/* End PBXFrameworksBuildPhase section */

/* Begin PBXGroup section */
		04B7EA18224625C800AADADE = {
			isa = PBXGroup;
			children = (
				04B7EA23224625C800AADADE /* letter_mouse */,
				04B7EA38224625C900AADADE /* letter_mouseTests */,
				04B7EA43224625C900AADADE /* letter_mouseUITests */,
				04B7EA22224625C800AADADE /* Products */,
				84E7167E65F6EAF02D6F6B05 /* Pods */,
				33C1D72652CED24A2CED188C /* Frameworks */,
			);
			sourceTree = "<group>";
		};
		04B7EA22224625C800AADADE /* Products */ = {
			isa = PBXGroup;
			children = (
				04B7EA21224625C800AADADE /* letter_mouse.app */,
				04B7EA35224625C900AADADE /* letter_mouseTests.xctest */,
				04B7EA40224625C900AADADE /* letter_mouseUITests.xctest */,
			);
			name = Products;
			sourceTree = "<group>";
		};
		04B7EA23224625C800AADADE /* letter_mouse */ = {
			isa = PBXGroup;
			children = (
				04B7EA30224625C900AADADE /* Info.plist */,
				63F1BEB822F158B000E7454C /* main_g.gif */,
				04B7EA24224625C800AADADE /* AppDelegate.swift */,
				77ED09842406B527008454EB /* Model */,
				04F73CD922ACDE9000F21912 /* Common */,
				774767EA2402983F0099105B /* Services */,
				774767CE240177840099105B /* Navigator */,
				776B091A2401710800A5F0E7 /* View */,
				77DAF892240107B700928DDE /* Modules */,
				77DAF88A240105FA00928DDE /* Extensions */,
				77DAF8872401021800928DDE /* Resources */,
			);
			path = letter_mouse;
			sourceTree = "<group>";
		};
		04B7EA38224625C900AADADE /* letter_mouseTests */ = {
			isa = PBXGroup;
			children = (
				04B7EA39224625C900AADADE /* letter_mouseTests.swift */,
				04B7EA3B224625C900AADADE /* Info.plist */,
			);
			path = letter_mouseTests;
			sourceTree = "<group>";
		};
		04B7EA43224625C900AADADE /* letter_mouseUITests */ = {
			isa = PBXGroup;
			children = (
				04B7EA44224625C900AADADE /* letter_mouseUITests.swift */,
				04B7EA46224625C900AADADE /* Info.plist */,
			);
			path = letter_mouseUITests;
			sourceTree = "<group>";
		};
		04F73CD922ACDE9000F21912 /* Common */ = {
			isa = PBXGroup;
			children = (
				77ED09822406B485008454EB /* W3WStore.swift */,
				630F2B0022E6EE9A009FB2AF /* EZSwipeController.swift */,
				77DAF8902401066A00928DDE /* Logger.swift */,
				77BCC58E24080E42002E3A59 /* DefaultsService.swift */,
				77620A60240ACCB400512446 /* Legacy.swift */,
			);
			path = Common;
			sourceTree = "<group>";
		};
		33C1D72652CED24A2CED188C /* Frameworks */ = {
			isa = PBXGroup;
			children = (
				2EDE75F8B990B91B7CF487CC /* Pods_letter_mouse.framework */,
				67011DF8190CF15B5ECA6FBE /* Pods_letter_mouseTests.framework */,
				65B78A5E955DD11E5FB987AA /* Pods_letter_mouseUITests.framework */,
			);
			name = Frameworks;
			sourceTree = "<group>";
		};
		774767CE240177840099105B /* Navigator */ = {
			isa = PBXGroup;
			children = (
				774767CF2401778E0099105B /* JGNavigator.swift */,
			);
			path = Navigator;
			sourceTree = "<group>";
		};
		774767D124017A010099105B /* Splash */ = {
			isa = PBXGroup;
			children = (
				04B7EA26224625C800AADADE /* SplashVC.swift */,
				776B091B2401711500A5F0E7 /* SplashReactor.swift */,
			);
			path = Splash;
			sourceTree = "<group>";
		};
		774767D224017A070099105B /* Cartoon */ = {
			isa = PBXGroup;
			children = (
				042A0112224A67DC0070CEAE /* Cartoon01VC.swift */,
				042A0114224A67F30070CEAE /* Cartoon02VC.swift */,
				042A0116224A784E0070CEAE /* Cartoon03VC.swift */,
				042A0118224A78570070CEAE /* Cartoon04VC.swift */,
				042A011A224A78C10070CEAE /* Cartoon05VC.swift */,
				04C1DA2722A69732009CBDC8 /* Cartoon06VC.swift */,
				04C1DA2922A6973D009CBDC8 /* Cartoon07VC.swift */,
				04C1DA2D22A69EE5009CBDC8 /* Cartoon08VC.swift */,
				774767D324017A3C0099105B /* CartoonReactor.swift */,
				774767D524017CCB0099105B /* CartoonMainVC.swift */,
			);
			path = Cartoon;
			sourceTree = "<group>";
		};
		774767D9240269B70099105B /* Main */ = {
			isa = PBXGroup;
			children = (
				774767DA240269D10099105B /* MainVC.swift */,
				774767DC240269E50099105B /* MainReactor.swift */,
			);
			path = Main;
			sourceTree = "<group>";
		};
		774767EA2402983F0099105B /* Services */ = {
			isa = PBXGroup;
			children = (
				774767EB240298490099105B /* JGServices.swift */,
				774767ED240298940099105B /* JGApiService.swift */,
				774767EF2402996D0099105B /* JGEndPoint.swift */,
				77620A5E240ABEC000512446 /* LetterService.swift */,
			);
			path = Services;
			sourceTree = "<group>";
		};
		774767F12402A6030099105B /* Responses */ = {
			isa = PBXGroup;
			children = (
				774767F22402A6100099105B /* What3WordsResponse.swift */,
				7771D7C62407C7A0003A03B4 /* SendLetterResponse.swift */,
				77A8CDBD24096585005788A7 /* FindLetterResponse.swift */,
			);
			path = Responses;
			sourceTree = "<group>";
		};
		776B091A2401710800A5F0E7 /* View */ = {
			isa = PBXGroup;
			children = (
				04B7EA2D224625C900AADADE /* LaunchScreen.storyboard */,
				77DAF8952401081600928DDE /* BaseViewController.swift */,
				77A8CDB624095148005788A7 /* FindLetter */,
				77A8FC6124075E0A00D1430A /* CustomView */,
				77ED097D2406B22A008454EB /* SendLetter */,
				774767D9240269B70099105B /* Main */,
				774767D124017A010099105B /* Splash */,
				774767D224017A070099105B /* Cartoon */,
			);
			path = View;
			sourceTree = "<group>";
		};
		7771D7C52407C773003A03B4 /* Requests */ = {
			isa = PBXGroup;
			children = (
				7771D7C32407C742003A03B4 /* SendLetterRequest.swift */,
				77A8CDBB24096515005788A7 /* FindLetterRequest.swift */,
			);
			path = Requests;
			sourceTree = "<group>";
		};
		77A8CDB624095148005788A7 /* FindLetter */ = {
			isa = PBXGroup;
			children = (
				77A8CDB724095160005788A7 /* FindLetterMainVC.swift */,
				77A8CDB9240951A3005788A7 /* FindLetterReactor.swift */,
				77BFF605240A4DFB000AFF83 /* FindLetterTrackingVC.swift */,
			);
			path = FindLetter;
			sourceTree = "<group>";
		};
		77A8FC6124075E0A00D1430A /* CustomView */ = {
			isa = PBXGroup;
			children = (
				77A8FC6224075E4200D1430A /* LetterSubLine.swift */,
				7771D7C82407D1D5003A03B4 /* StandardButton.swift */,
				7771D7CA2407D1EC003A03B4 /* ArtiButton.swift */,
				7771D7CC2407D20C003A03B4 /* CommonCircularButton.swift */,
			);
			path = CustomView;
			sourceTree = "<group>";
		};
		77DAF8872401021800928DDE /* Resources */ = {
			isa = PBXGroup;
			children = (
				04C1DA2B22A69952009CBDC8 /* JGAssets.xcassets */,
				77DAF8882401034600928DDE /* JGImages.swift */,
				774767E22402735C0099105B /* Binggrae-Bold.otf */,
				774767E32402735D0099105B /* Binggrae.otf */,
			);
			path = Resources;
			sourceTree = "<group>";
		};
		77DAF88A240105FA00928DDE /* Extensions */ = {
			isa = PBXGroup;
			children = (
				77DCB75B2415597D00690858 /* UIAlert+Extensions.swift */,
				77DAF88B2401060500928DDE /* UIImage+Extensions.swift */,
				77DAF88D2401062100928DDE /* String+Extensions.swift */,
				774767DE24026D0F0099105B /* Rx+Extensions.swift */,
				774767E024026D6A0099105B /* UI+Extensions.swift */,
				774767E6240274470099105B /* UIFont+extensions.swift */,
				776B091E2401728F00A5F0E7 /* UIColor+Extensions.swift */,
			);
			path = Extensions;
			sourceTree = "<group>";
		};
		77DAF892240107B700928DDE /* Modules */ = {
			isa = PBXGroup;
			children = (
				77DAF893240107C500928DDE /* GIFModule.swift */,
				774767E8240281FE0099105B /* LocationModule.swift */,
				77FDCDB824081F440093DD05 /* SMSTraits.swift */,
			);
			path = Modules;
			sourceTree = "<group>";
		};
		77DCB7582415583600690858 /* Error */ = {
			isa = PBXGroup;
			children = (
				77DCB7592415584100690858 /* LetterError.swift */,
			);
			path = Error;
			sourceTree = "<group>";
		};
		77ED097D2406B22A008454EB /* SendLetter */ = {
			isa = PBXGroup;
			children = (
				77ED097E2406B351008454EB /* SendLetterMainVC.swift */,
				77ED09802406B36C008454EB /* SendLetterReactor.swift */,
				7771D7CE2407D605003A03B4 /* SendLetterResultVC.swift */,
			);
			path = SendLetter;
			sourceTree = "<group>";
		};
		77ED09842406B527008454EB /* Model */ = {
			isa = PBXGroup;
			children = (
				77A8FC642407730D00D1430A /* LetterStep.swift */,
				77DCB7582415583600690858 /* Error */,
				7771D7C52407C773003A03B4 /* Requests */,
				774767F12402A6030099105B /* Responses */,
			);
			path = Model;
			sourceTree = "<group>";
		};
		84E7167E65F6EAF02D6F6B05 /* Pods */ = {
			isa = PBXGroup;
			children = (
				3214F9BC3BF47AD72D7FC1F8 /* Pods-letter_mouse.debug.xcconfig */,
				3C41F9457FC674C8A7775141 /* Pods-letter_mouse.release.xcconfig */,
				2B42B42440795A00CEAD9FEE /* Pods-letter_mouseTests.debug.xcconfig */,
				72036A90FC14EE9572936A41 /* Pods-letter_mouseTests.release.xcconfig */,
				2B6BF9A07BF9C3986A468580 /* Pods-letter_mouseUITests.debug.xcconfig */,
				95D6A9F5D51C6183DBFDDDB9 /* Pods-letter_mouseUITests.release.xcconfig */,
			);
			path = Pods;
			sourceTree = "<group>";
		};
/* End PBXGroup section */

/* Begin PBXNativeTarget section */
		04B7EA20224625C800AADADE /* letter_mouse */ = {
			isa = PBXNativeTarget;
			buildConfigurationList = 04B7EA49224625C900AADADE /* Build configuration list for PBXNativeTarget "letter_mouse" */;
			buildPhases = (
				D9330A0369199E2AC5769D69 /* [CP] Check Pods Manifest.lock */,
				04B7EA1D224625C800AADADE /* Sources */,
				04B7EA1E224625C800AADADE /* Frameworks */,
				04B7EA1F224625C800AADADE /* Resources */,
				C6F1B1E89B1E39B29BE7007A /* [CP] Copy Pods Resources */,
				E658365E2F76DEDCD2D232C4 /* [CP] Embed Pods Frameworks */,
				776B091D2401717600A5F0E7 /* SwiftLint Script */,
			);
			buildRules = (
			);
			dependencies = (
			);
			name = letter_mouse;
			productName = letter_mouse;
			productReference = 04B7EA21224625C800AADADE /* letter_mouse.app */;
			productType = "com.apple.product-type.application";
		};
		04B7EA34224625C900AADADE /* letter_mouseTests */ = {
			isa = PBXNativeTarget;
			buildConfigurationList = 04B7EA4C224625C900AADADE /* Build configuration list for PBXNativeTarget "letter_mouseTests" */;
			buildPhases = (
				EA97CEE7A3205C3FED605A9B /* [CP] Check Pods Manifest.lock */,
				04B7EA31224625C900AADADE /* Sources */,
				04B7EA32224625C900AADADE /* Frameworks */,
				04B7EA33224625C900AADADE /* Resources */,
			);
			buildRules = (
			);
			dependencies = (
				04B7EA37224625C900AADADE /* PBXTargetDependency */,
			);
			name = letter_mouseTests;
			productName = letter_mouseTests;
			productReference = 04B7EA35224625C900AADADE /* letter_mouseTests.xctest */;
			productType = "com.apple.product-type.bundle.unit-test";
		};
		04B7EA3F224625C900AADADE /* letter_mouseUITests */ = {
			isa = PBXNativeTarget;
			buildConfigurationList = 04B7EA4F224625C900AADADE /* Build configuration list for PBXNativeTarget "letter_mouseUITests" */;
			buildPhases = (
				A0546C017112642F55B47268 /* [CP] Check Pods Manifest.lock */,
				04B7EA3C224625C900AADADE /* Sources */,
				04B7EA3D224625C900AADADE /* Frameworks */,
				04B7EA3E224625C900AADADE /* Resources */,
			);
			buildRules = (
			);
			dependencies = (
				04B7EA42224625C900AADADE /* PBXTargetDependency */,
			);
			name = letter_mouseUITests;
			productName = letter_mouseUITests;
			productReference = 04B7EA40224625C900AADADE /* letter_mouseUITests.xctest */;
			productType = "com.apple.product-type.bundle.ui-testing";
		};
/* End PBXNativeTarget section */

/* Begin PBXProject section */
		04B7EA19224625C800AADADE /* Project object */ = {
			isa = PBXProject;
			attributes = {
				LastSwiftUpdateCheck = 1010;
				LastUpgradeCheck = 1010;
				ORGANIZATIONNAME = mac;
				TargetAttributes = {
					04B7EA20224625C800AADADE = {
						CreatedOnToolsVersion = 10.1;
						LastSwiftMigration = 1030;
					};
					04B7EA34224625C900AADADE = {
						CreatedOnToolsVersion = 10.1;
						TestTargetID = 04B7EA20224625C800AADADE;
					};
					04B7EA3F224625C900AADADE = {
						CreatedOnToolsVersion = 10.1;
						TestTargetID = 04B7EA20224625C800AADADE;
					};
				};
			};
			buildConfigurationList = 04B7EA1C224625C800AADADE /* Build configuration list for PBXProject "letter_mouse" */;
			compatibilityVersion = "Xcode 9.3";
			developmentRegion = en;
			hasScannedForEncodings = 0;
			knownRegions = (
				en,
				Base,
			);
			mainGroup = 04B7EA18224625C800AADADE;
			productRefGroup = 04B7EA22224625C800AADADE /* Products */;
			projectDirPath = "";
			projectRoot = "";
			targets = (
				04B7EA20224625C800AADADE /* letter_mouse */,
				04B7EA34224625C900AADADE /* letter_mouseTests */,
				04B7EA3F224625C900AADADE /* letter_mouseUITests */,
			);
		};
/* End PBXProject section */

/* Begin PBXResourcesBuildPhase section */
		04B7EA1F224625C800AADADE /* Resources */ = {
			isa = PBXResourcesBuildPhase;
			buildActionMask = 2147483647;
			files = (
				774767E52402735D0099105B /* Binggrae.otf in Resources */,
				04B7EA2F224625C900AADADE /* LaunchScreen.storyboard in Resources */,
				63F1BEB922F158B000E7454C /* main_g.gif in Resources */,
				774767E42402735D0099105B /* Binggrae-Bold.otf in Resources */,
				04C1DA2C22A69952009CBDC8 /* JGAssets.xcassets in Resources */,
			);
			runOnlyForDeploymentPostprocessing = 0;
		};
		04B7EA33224625C900AADADE /* Resources */ = {
			isa = PBXResourcesBuildPhase;
			buildActionMask = 2147483647;
			files = (
			);
			runOnlyForDeploymentPostprocessing = 0;
		};
		04B7EA3E224625C900AADADE /* Resources */ = {
			isa = PBXResourcesBuildPhase;
			buildActionMask = 2147483647;
			files = (
			);
			runOnlyForDeploymentPostprocessing = 0;
		};
/* End PBXResourcesBuildPhase section */

/* Begin PBXShellScriptBuildPhase section */
		776B091D2401717600A5F0E7 /* SwiftLint Script */ = {
			isa = PBXShellScriptBuildPhase;
			buildActionMask = 2147483647;
			files = (
			);
			inputFileListPaths = (
			);
			inputPaths = (
			);
			name = "SwiftLint Script";
			outputFileListPaths = (
			);
			outputPaths = (
			);
			runOnlyForDeploymentPostprocessing = 0;
			shellPath = /bin/sh;
			shellScript = "if which swiftlint >/dev/null; then\n    swiftlint\nelse\n    echo \"warning: SwiftLint not installed, download from https://github.com/realm/SwiftLint\"\nfi  \n";
		};
		A0546C017112642F55B47268 /* [CP] Check Pods Manifest.lock */ = {
			isa = PBXShellScriptBuildPhase;
			buildActionMask = 2147483647;
			files = (
			);
			inputFileListPaths = (
			);
			inputPaths = (
				"${PODS_PODFILE_DIR_PATH}/Podfile.lock",
				"${PODS_ROOT}/Manifest.lock",
			);
			name = "[CP] Check Pods Manifest.lock";
			outputFileListPaths = (
			);
			outputPaths = (
				"$(DERIVED_FILE_DIR)/Pods-letter_mouseUITests-checkManifestLockResult.txt",
			);
			runOnlyForDeploymentPostprocessing = 0;
			shellPath = /bin/sh;
			shellScript = "diff \"${PODS_PODFILE_DIR_PATH}/Podfile.lock\" \"${PODS_ROOT}/Manifest.lock\" > /dev/null\nif [ $? != 0 ] ; then\n    # print error to STDERR\n    echo \"error: The sandbox is not in sync with the Podfile.lock. Run 'pod install' or update your CocoaPods installation.\" >&2\n    exit 1\nfi\n# This output is used by Xcode 'outputs' to avoid re-running this script phase.\necho \"SUCCESS\" > \"${SCRIPT_OUTPUT_FILE_0}\"\n";
			showEnvVarsInLog = 0;
		};
		C6F1B1E89B1E39B29BE7007A /* [CP] Copy Pods Resources */ = {
			isa = PBXShellScriptBuildPhase;
			buildActionMask = 2147483647;
			files = (
			);
			inputFileListPaths = (
				"${PODS_ROOT}/Target Support Files/Pods-letter_mouse/Pods-letter_mouse-resources-${CONFIGURATION}-input-files.xcfilelist",
			);
			name = "[CP] Copy Pods Resources";
			outputFileListPaths = (
				"${PODS_ROOT}/Target Support Files/Pods-letter_mouse/Pods-letter_mouse-resources-${CONFIGURATION}-output-files.xcfilelist",
			);
			runOnlyForDeploymentPostprocessing = 0;
			shellPath = /bin/sh;
			shellScript = "\"${PODS_ROOT}/Target Support Files/Pods-letter_mouse/Pods-letter_mouse-resources.sh\"\n";
			showEnvVarsInLog = 0;
		};
		D9330A0369199E2AC5769D69 /* [CP] Check Pods Manifest.lock */ = {
			isa = PBXShellScriptBuildPhase;
			buildActionMask = 2147483647;
			files = (
			);
			inputFileListPaths = (
			);
			inputPaths = (
				"${PODS_PODFILE_DIR_PATH}/Podfile.lock",
				"${PODS_ROOT}/Manifest.lock",
			);
			name = "[CP] Check Pods Manifest.lock";
			outputFileListPaths = (
			);
			outputPaths = (
				"$(DERIVED_FILE_DIR)/Pods-letter_mouse-checkManifestLockResult.txt",
			);
			runOnlyForDeploymentPostprocessing = 0;
			shellPath = /bin/sh;
			shellScript = "diff \"${PODS_PODFILE_DIR_PATH}/Podfile.lock\" \"${PODS_ROOT}/Manifest.lock\" > /dev/null\nif [ $? != 0 ] ; then\n    # print error to STDERR\n    echo \"error: The sandbox is not in sync with the Podfile.lock. Run 'pod install' or update your CocoaPods installation.\" >&2\n    exit 1\nfi\n# This output is used by Xcode 'outputs' to avoid re-running this script phase.\necho \"SUCCESS\" > \"${SCRIPT_OUTPUT_FILE_0}\"\n";
			showEnvVarsInLog = 0;
		};
		E658365E2F76DEDCD2D232C4 /* [CP] Embed Pods Frameworks */ = {
			isa = PBXShellScriptBuildPhase;
			buildActionMask = 2147483647;
			files = (
			);
			inputFileListPaths = (
				"${PODS_ROOT}/Target Support Files/Pods-letter_mouse/Pods-letter_mouse-frameworks-${CONFIGURATION}-input-files.xcfilelist",
			);
			name = "[CP] Embed Pods Frameworks";
			outputFileListPaths = (
				"${PODS_ROOT}/Target Support Files/Pods-letter_mouse/Pods-letter_mouse-frameworks-${CONFIGURATION}-output-files.xcfilelist",
			);
			runOnlyForDeploymentPostprocessing = 0;
			shellPath = /bin/sh;
			shellScript = "\"${PODS_ROOT}/Target Support Files/Pods-letter_mouse/Pods-letter_mouse-frameworks.sh\"\n";
			showEnvVarsInLog = 0;
		};
		EA97CEE7A3205C3FED605A9B /* [CP] Check Pods Manifest.lock */ = {
			isa = PBXShellScriptBuildPhase;
			buildActionMask = 2147483647;
			files = (
			);
			inputFileListPaths = (
			);
			inputPaths = (
				"${PODS_PODFILE_DIR_PATH}/Podfile.lock",
				"${PODS_ROOT}/Manifest.lock",
			);
			name = "[CP] Check Pods Manifest.lock";
			outputFileListPaths = (
			);
			outputPaths = (
				"$(DERIVED_FILE_DIR)/Pods-letter_mouseTests-checkManifestLockResult.txt",
			);
			runOnlyForDeploymentPostprocessing = 0;
			shellPath = /bin/sh;
			shellScript = "diff \"${PODS_PODFILE_DIR_PATH}/Podfile.lock\" \"${PODS_ROOT}/Manifest.lock\" > /dev/null\nif [ $? != 0 ] ; then\n    # print error to STDERR\n    echo \"error: The sandbox is not in sync with the Podfile.lock. Run 'pod install' or update your CocoaPods installation.\" >&2\n    exit 1\nfi\n# This output is used by Xcode 'outputs' to avoid re-running this script phase.\necho \"SUCCESS\" > \"${SCRIPT_OUTPUT_FILE_0}\"\n";
			showEnvVarsInLog = 0;
		};
/* End PBXShellScriptBuildPhase section */

/* Begin PBXSourcesBuildPhase section */
		04B7EA1D224625C800AADADE /* Sources */ = {
			isa = PBXSourcesBuildPhase;
			buildActionMask = 2147483647;
			files = (
				042A0117224A784E0070CEAE /* Cartoon03VC.swift in Sources */,
				7771D7CF2407D605003A03B4 /* SendLetterResultVC.swift in Sources */,
				77ED09812406B36C008454EB /* SendLetterReactor.swift in Sources */,
				774767E124026D6A0099105B /* UI+Extensions.swift in Sources */,
				77A8CDBC24096515005788A7 /* FindLetterRequest.swift in Sources */,
				774767EC240298490099105B /* JGServices.swift in Sources */,
				7771D7C72407C7A1003A03B4 /* SendLetterResponse.swift in Sources */,
				04B7EA27224625C800AADADE /* SplashVC.swift in Sources */,
				774767F32402A6100099105B /* What3WordsResponse.swift in Sources */,
				77BFF606240A4DFB000AFF83 /* FindLetterTrackingVC.swift in Sources */,
				630F2B0122E6EE9A009FB2AF /* EZSwipeController.swift in Sources */,
				77A8CDBA240951A3005788A7 /* FindLetterReactor.swift in Sources */,
				774767E9240281FE0099105B /* LocationModule.swift in Sources */,
				77DAF8962401081600928DDE /* BaseViewController.swift in Sources */,
				774767DB240269D10099105B /* MainVC.swift in Sources */,
				042A0113224A67DC0070CEAE /* Cartoon01VC.swift in Sources */,
				774767E7240274470099105B /* UIFont+extensions.swift in Sources */,
				77ED09832406B485008454EB /* W3WStore.swift in Sources */,
				77620A61240ACCB400512446 /* Legacy.swift in Sources */,
				042A0119224A78570070CEAE /* Cartoon04VC.swift in Sources */,
				77DAF894240107C500928DDE /* GIFModule.swift in Sources */,
				77620A5F240ABEC000512446 /* LetterService.swift in Sources */,
				774767DF24026D0F0099105B /* Rx+Extensions.swift in Sources */,
				7771D7C92407D1D5003A03B4 /* StandardButton.swift in Sources */,
				776B091F2401728F00A5F0E7 /* UIColor+Extensions.swift in Sources */,
				774767DD240269E50099105B /* MainReactor.swift in Sources */,
				7771D7CD2407D20C003A03B4 /* CommonCircularButton.swift in Sources */,
				774767EE240298940099105B /* JGApiService.swift in Sources */,
				77DAF8892401034600928DDE /* JGImages.swift in Sources */,
				77A8FC652407730D00D1430A /* LetterStep.swift in Sources */,
				04C1DA2E22A69EE5009CBDC8 /* Cartoon08VC.swift in Sources */,
				77FDCDB924081F440093DD05 /* SMSTraits.swift in Sources */,
				7771D7CB2407D1EC003A03B4 /* ArtiButton.swift in Sources */,
				77DAF8912401066A00928DDE /* Logger.swift in Sources */,
				77DCB75C2415597D00690858 /* UIAlert+Extensions.swift in Sources */,
				042A011B224A78C10070CEAE /* Cartoon05VC.swift in Sources */,
				774767D02401778E0099105B /* JGNavigator.swift in Sources */,
				77DAF88E2401062100928DDE /* String+Extensions.swift in Sources */,
				77BCC58F24080E42002E3A59 /* DefaultsService.swift in Sources */,
				04C1DA2A22A6973D009CBDC8 /* Cartoon07VC.swift in Sources */,
				04B7EA25224625C800AADADE /* AppDelegate.swift in Sources */,
				04C1DA2822A69732009CBDC8 /* Cartoon06VC.swift in Sources */,
				776B091C2401711500A5F0E7 /* SplashReactor.swift in Sources */,
				77ED097F2406B351008454EB /* SendLetterMainVC.swift in Sources */,
				77A8CDBE24096585005788A7 /* FindLetterResponse.swift in Sources */,
				77A8CDB824095160005788A7 /* FindLetterMainVC.swift in Sources */,
				774767D424017A3C0099105B /* CartoonReactor.swift in Sources */,
				77A8FC6324075E4200D1430A /* LetterSubLine.swift in Sources */,
				042A0115224A67F30070CEAE /* Cartoon02VC.swift in Sources */,
				77DAF88C2401060500928DDE /* UIImage+Extensions.swift in Sources */,
				77DCB75A2415584100690858 /* LetterError.swift in Sources */,
				774767F02402996D0099105B /* JGEndPoint.swift in Sources */,
				774767D624017CCB0099105B /* CartoonMainVC.swift in Sources */,
				7771D7C42407C742003A03B4 /* SendLetterRequest.swift in Sources */,
			);
			runOnlyForDeploymentPostprocessing = 0;
		};
		04B7EA31224625C900AADADE /* Sources */ = {
			isa = PBXSourcesBuildPhase;
			buildActionMask = 2147483647;
			files = (
				04B7EA3A224625C900AADADE /* letter_mouseTests.swift in Sources */,
			);
			runOnlyForDeploymentPostprocessing = 0;
		};
		04B7EA3C224625C900AADADE /* Sources */ = {
			isa = PBXSourcesBuildPhase;
			buildActionMask = 2147483647;
			files = (
				04B7EA45224625C900AADADE /* letter_mouseUITests.swift in Sources */,
			);
			runOnlyForDeploymentPostprocessing = 0;
		};
/* End PBXSourcesBuildPhase section */

/* Begin PBXTargetDependency section */
		04B7EA37224625C900AADADE /* PBXTargetDependency */ = {
			isa = PBXTargetDependency;
			target = 04B7EA20224625C800AADADE /* letter_mouse */;
			targetProxy = 04B7EA36224625C900AADADE /* PBXContainerItemProxy */;
		};
		04B7EA42224625C900AADADE /* PBXTargetDependency */ = {
			isa = PBXTargetDependency;
			target = 04B7EA20224625C800AADADE /* letter_mouse */;
			targetProxy = 04B7EA41224625C900AADADE /* PBXContainerItemProxy */;
		};
/* End PBXTargetDependency section */

/* Begin PBXVariantGroup section */
		04B7EA2D224625C900AADADE /* LaunchScreen.storyboard */ = {
			isa = PBXVariantGroup;
			children = (
				04B7EA2E224625C900AADADE /* Base */,
			);
			name = LaunchScreen.storyboard;
			sourceTree = "<group>";
		};
/* End PBXVariantGroup section */

/* Begin XCBuildConfiguration section */
		04B7EA47224625C900AADADE /* Debug */ = {
			isa = XCBuildConfiguration;
			buildSettings = {
				ALWAYS_SEARCH_USER_PATHS = NO;
				CLANG_ANALYZER_NONNULL = YES;
				CLANG_ANALYZER_NUMBER_OBJECT_CONVERSION = YES_AGGRESSIVE;
				CLANG_CXX_LANGUAGE_STANDARD = "gnu++14";
				CLANG_CXX_LIBRARY = "libc++";
				CLANG_ENABLE_MODULES = YES;
				CLANG_ENABLE_OBJC_ARC = YES;
				CLANG_ENABLE_OBJC_WEAK = YES;
				CLANG_WARN_BLOCK_CAPTURE_AUTORELEASING = YES;
				CLANG_WARN_BOOL_CONVERSION = YES;
				CLANG_WARN_COMMA = YES;
				CLANG_WARN_CONSTANT_CONVERSION = YES;
				CLANG_WARN_DEPRECATED_OBJC_IMPLEMENTATIONS = YES;
				CLANG_WARN_DIRECT_OBJC_ISA_USAGE = YES_ERROR;
				CLANG_WARN_DOCUMENTATION_COMMENTS = YES;
				CLANG_WARN_EMPTY_BODY = YES;
				CLANG_WARN_ENUM_CONVERSION = YES;
				CLANG_WARN_INFINITE_RECURSION = YES;
				CLANG_WARN_INT_CONVERSION = YES;
				CLANG_WARN_NON_LITERAL_NULL_CONVERSION = YES;
				CLANG_WARN_OBJC_IMPLICIT_RETAIN_SELF = YES;
				CLANG_WARN_OBJC_LITERAL_CONVERSION = YES;
				CLANG_WARN_OBJC_ROOT_CLASS = YES_ERROR;
				CLANG_WARN_RANGE_LOOP_ANALYSIS = YES;
				CLANG_WARN_STRICT_PROTOTYPES = YES;
				CLANG_WARN_SUSPICIOUS_MOVE = YES;
				CLANG_WARN_UNGUARDED_AVAILABILITY = YES_AGGRESSIVE;
				CLANG_WARN_UNREACHABLE_CODE = YES;
				CLANG_WARN__DUPLICATE_METHOD_MATCH = YES;
				CODE_SIGN_IDENTITY = "iPhone Developer";
				COPY_PHASE_STRIP = NO;
				DEBUG_INFORMATION_FORMAT = dwarf;
				ENABLE_STRICT_OBJC_MSGSEND = YES;
				ENABLE_TESTABILITY = YES;
				GCC_C_LANGUAGE_STANDARD = gnu11;
				GCC_DYNAMIC_NO_PIC = NO;
				GCC_NO_COMMON_BLOCKS = YES;
				GCC_OPTIMIZATION_LEVEL = 0;
				GCC_PREPROCESSOR_DEFINITIONS = (
					"DEBUG=1",
					"$(inherited)",
				);
				GCC_WARN_64_TO_32_BIT_CONVERSION = YES;
				GCC_WARN_ABOUT_RETURN_TYPE = YES_ERROR;
				GCC_WARN_UNDECLARED_SELECTOR = YES;
				GCC_WARN_UNINITIALIZED_AUTOS = YES_AGGRESSIVE;
				GCC_WARN_UNUSED_FUNCTION = YES;
				GCC_WARN_UNUSED_VARIABLE = YES;
				IPHONEOS_DEPLOYMENT_TARGET = 12.1;
				MTL_ENABLE_DEBUG_INFO = INCLUDE_SOURCE;
				MTL_FAST_MATH = YES;
				ONLY_ACTIVE_ARCH = YES;
				SDKROOT = iphoneos;
				SWIFT_ACTIVE_COMPILATION_CONDITIONS = DEBUG;
				SWIFT_OPTIMIZATION_LEVEL = "-Onone";
			};
			name = Debug;
		};
		04B7EA48224625C900AADADE /* Release */ = {
			isa = XCBuildConfiguration;
			buildSettings = {
				ALWAYS_SEARCH_USER_PATHS = NO;
				CLANG_ANALYZER_NONNULL = YES;
				CLANG_ANALYZER_NUMBER_OBJECT_CONVERSION = YES_AGGRESSIVE;
				CLANG_CXX_LANGUAGE_STANDARD = "gnu++14";
				CLANG_CXX_LIBRARY = "libc++";
				CLANG_ENABLE_MODULES = YES;
				CLANG_ENABLE_OBJC_ARC = YES;
				CLANG_ENABLE_OBJC_WEAK = YES;
				CLANG_WARN_BLOCK_CAPTURE_AUTORELEASING = YES;
				CLANG_WARN_BOOL_CONVERSION = YES;
				CLANG_WARN_COMMA = YES;
				CLANG_WARN_CONSTANT_CONVERSION = YES;
				CLANG_WARN_DEPRECATED_OBJC_IMPLEMENTATIONS = YES;
				CLANG_WARN_DIRECT_OBJC_ISA_USAGE = YES_ERROR;
				CLANG_WARN_DOCUMENTATION_COMMENTS = YES;
				CLANG_WARN_EMPTY_BODY = YES;
				CLANG_WARN_ENUM_CONVERSION = YES;
				CLANG_WARN_INFINITE_RECURSION = YES;
				CLANG_WARN_INT_CONVERSION = YES;
				CLANG_WARN_NON_LITERAL_NULL_CONVERSION = YES;
				CLANG_WARN_OBJC_IMPLICIT_RETAIN_SELF = YES;
				CLANG_WARN_OBJC_LITERAL_CONVERSION = YES;
				CLANG_WARN_OBJC_ROOT_CLASS = YES_ERROR;
				CLANG_WARN_RANGE_LOOP_ANALYSIS = YES;
				CLANG_WARN_STRICT_PROTOTYPES = YES;
				CLANG_WARN_SUSPICIOUS_MOVE = YES;
				CLANG_WARN_UNGUARDED_AVAILABILITY = YES_AGGRESSIVE;
				CLANG_WARN_UNREACHABLE_CODE = YES;
				CLANG_WARN__DUPLICATE_METHOD_MATCH = YES;
				CODE_SIGN_IDENTITY = "iPhone Developer";
				COPY_PHASE_STRIP = NO;
				DEBUG_INFORMATION_FORMAT = "dwarf-with-dsym";
				ENABLE_NS_ASSERTIONS = NO;
				ENABLE_STRICT_OBJC_MSGSEND = YES;
				GCC_C_LANGUAGE_STANDARD = gnu11;
				GCC_NO_COMMON_BLOCKS = YES;
				GCC_WARN_64_TO_32_BIT_CONVERSION = YES;
				GCC_WARN_ABOUT_RETURN_TYPE = YES_ERROR;
				GCC_WARN_UNDECLARED_SELECTOR = YES;
				GCC_WARN_UNINITIALIZED_AUTOS = YES_AGGRESSIVE;
				GCC_WARN_UNUSED_FUNCTION = YES;
				GCC_WARN_UNUSED_VARIABLE = YES;
				IPHONEOS_DEPLOYMENT_TARGET = 12.1;
				MTL_ENABLE_DEBUG_INFO = NO;
				MTL_FAST_MATH = YES;
				SDKROOT = iphoneos;
				SWIFT_COMPILATION_MODE = wholemodule;
				SWIFT_OPTIMIZATION_LEVEL = "-O";
				VALIDATE_PRODUCT = YES;
			};
			name = Release;
		};
		04B7EA4A224625C900AADADE /* Debug */ = {
			isa = XCBuildConfiguration;
			baseConfigurationReference = 3214F9BC3BF47AD72D7FC1F8 /* Pods-letter_mouse.debug.xcconfig */;
			buildSettings = {
				ASSETCATALOG_COMPILER_APPICON_NAME = AppIcon;
				CLANG_ENABLE_MODULES = YES;
				CODE_SIGN_IDENTITY = "iPhone Developer";
				CODE_SIGN_STYLE = Automatic;
				CURRENT_PROJECT_VERSION = 1;
				DEVELOPMENT_TEAM = 3ZTQD3VYFK;
				INFOPLIST_FILE = letter_mouse/Info.plist;
				IPHONEOS_DEPLOYMENT_TARGET = 11.0;
				LD_RUNPATH_SEARCH_PATHS = (
					"$(inherited)",
					"@executable_path/Frameworks",
				);
				MARKETING_VERSION = 1.5.2;
				PRODUCT_BUNDLE_IDENTIFIER = "david.letter-mouse";
				PRODUCT_NAME = "$(TARGET_NAME)";
				PROVISIONING_PROFILE_SPECIFIER = "";
				SWIFT_OPTIMIZATION_LEVEL = "-Onone";
				SWIFT_VERSION = 4.2;
				TARGETED_DEVICE_FAMILY = 1;
			};
			name = Debug;
		};
		04B7EA4B224625C900AADADE /* Release */ = {
			isa = XCBuildConfiguration;
			baseConfigurationReference = 3C41F9457FC674C8A7775141 /* Pods-letter_mouse.release.xcconfig */;
			buildSettings = {
				ASSETCATALOG_COMPILER_APPICON_NAME = AppIcon;
				CLANG_ENABLE_MODULES = YES;
				CODE_SIGN_IDENTITY = "iPhone Developer";
				CODE_SIGN_STYLE = Automatic;
				CURRENT_PROJECT_VERSION = 1;
				DEVELOPMENT_TEAM = 3ZTQD3VYFK;
				INFOPLIST_FILE = letter_mouse/Info.plist;
				IPHONEOS_DEPLOYMENT_TARGET = 11.0;
				LD_RUNPATH_SEARCH_PATHS = (
					"$(inherited)",
					"@executable_path/Frameworks",
				);
				MARKETING_VERSION = 1.5.2;
				PRODUCT_BUNDLE_IDENTIFIER = "david.letter-mouse";
				PRODUCT_NAME = "$(TARGET_NAME)";
				PROVISIONING_PROFILE_SPECIFIER = "";
				SWIFT_VERSION = 4.2;
				TARGETED_DEVICE_FAMILY = 1;
			};
			name = Release;
		};
		04B7EA4D224625C900AADADE /* Debug */ = {
			isa = XCBuildConfiguration;
			baseConfigurationReference = 2B42B42440795A00CEAD9FEE /* Pods-letter_mouseTests.debug.xcconfig */;
			buildSettings = {
				ALWAYS_EMBED_SWIFT_STANDARD_LIBRARIES = YES;
				BUNDLE_LOADER = "$(TEST_HOST)";
				CODE_SIGN_STYLE = Automatic;
				INFOPLIST_FILE = letter_mouseTests/Info.plist;
				LD_RUNPATH_SEARCH_PATHS = (
					"$(inherited)",
					"@executable_path/Frameworks",
					"@loader_path/Frameworks",
				);
				PRODUCT_BUNDLE_IDENTIFIER = "david.letter-mouseTests";
				PRODUCT_NAME = "$(TARGET_NAME)";
				SWIFT_VERSION = 4.2;
				TARGETED_DEVICE_FAMILY = "1,2";
				TEST_HOST = "$(BUILT_PRODUCTS_DIR)/letter_mouse.app/letter_mouse";
			};
			name = Debug;
		};
		04B7EA4E224625C900AADADE /* Release */ = {
			isa = XCBuildConfiguration;
			baseConfigurationReference = 72036A90FC14EE9572936A41 /* Pods-letter_mouseTests.release.xcconfig */;
			buildSettings = {
				ALWAYS_EMBED_SWIFT_STANDARD_LIBRARIES = YES;
				BUNDLE_LOADER = "$(TEST_HOST)";
				CODE_SIGN_STYLE = Automatic;
				INFOPLIST_FILE = letter_mouseTests/Info.plist;
				LD_RUNPATH_SEARCH_PATHS = (
					"$(inherited)",
					"@executable_path/Frameworks",
					"@loader_path/Frameworks",
				);
				PRODUCT_BUNDLE_IDENTIFIER = "david.letter-mouseTests";
				PRODUCT_NAME = "$(TARGET_NAME)";
				SWIFT_VERSION = 4.2;
				TARGETED_DEVICE_FAMILY = "1,2";
				TEST_HOST = "$(BUILT_PRODUCTS_DIR)/letter_mouse.app/letter_mouse";
			};
			name = Release;
		};
		04B7EA50224625C900AADADE /* Debug */ = {
			isa = XCBuildConfiguration;
			baseConfigurationReference = 2B6BF9A07BF9C3986A468580 /* Pods-letter_mouseUITests.debug.xcconfig */;
			buildSettings = {
				ALWAYS_EMBED_SWIFT_STANDARD_LIBRARIES = YES;
				CODE_SIGN_STYLE = Automatic;
				INFOPLIST_FILE = letter_mouseUITests/Info.plist;
				LD_RUNPATH_SEARCH_PATHS = (
					"$(inherited)",
					"@executable_path/Frameworks",
					"@loader_path/Frameworks",
				);
				PRODUCT_BUNDLE_IDENTIFIER = "david.letter-mouseUITests";
				PRODUCT_NAME = "$(TARGET_NAME)";
				SWIFT_VERSION = 4.2;
				TARGETED_DEVICE_FAMILY = "1,2";
				TEST_TARGET_NAME = letter_mouse;
			};
			name = Debug;
		};
		04B7EA51224625C900AADADE /* Release */ = {
			isa = XCBuildConfiguration;
			baseConfigurationReference = 95D6A9F5D51C6183DBFDDDB9 /* Pods-letter_mouseUITests.release.xcconfig */;
			buildSettings = {
				ALWAYS_EMBED_SWIFT_STANDARD_LIBRARIES = YES;
				CODE_SIGN_STYLE = Automatic;
				INFOPLIST_FILE = letter_mouseUITests/Info.plist;
				LD_RUNPATH_SEARCH_PATHS = (
					"$(inherited)",
					"@executable_path/Frameworks",
					"@loader_path/Frameworks",
				);
				PRODUCT_BUNDLE_IDENTIFIER = "david.letter-mouseUITests";
				PRODUCT_NAME = "$(TARGET_NAME)";
				SWIFT_VERSION = 4.2;
				TARGETED_DEVICE_FAMILY = "1,2";
				TEST_TARGET_NAME = letter_mouse;
			};
			name = Release;
		};
/* End XCBuildConfiguration section */

/* Begin XCConfigurationList section */
		04B7EA1C224625C800AADADE /* Build configuration list for PBXProject "letter_mouse" */ = {
			isa = XCConfigurationList;
			buildConfigurations = (
				04B7EA47224625C900AADADE /* Debug */,
				04B7EA48224625C900AADADE /* Release */,
			);
			defaultConfigurationIsVisible = 0;
			defaultConfigurationName = Release;
		};
		04B7EA49224625C900AADADE /* Build configuration list for PBXNativeTarget "letter_mouse" */ = {
			isa = XCConfigurationList;
			buildConfigurations = (
				04B7EA4A224625C900AADADE /* Debug */,
				04B7EA4B224625C900AADADE /* Release */,
			);
			defaultConfigurationIsVisible = 0;
			defaultConfigurationName = Release;
		};
		04B7EA4C224625C900AADADE /* Build configuration list for PBXNativeTarget "letter_mouseTests" */ = {
			isa = XCConfigurationList;
			buildConfigurations = (
				04B7EA4D224625C900AADADE /* Debug */,
				04B7EA4E224625C900AADADE /* Release */,
			);
			defaultConfigurationIsVisible = 0;
			defaultConfigurationName = Release;
		};
		04B7EA4F224625C900AADADE /* Build configuration list for PBXNativeTarget "letter_mouseUITests" */ = {
			isa = XCConfigurationList;
			buildConfigurations = (
				04B7EA50224625C900AADADE /* Debug */,
				04B7EA51224625C900AADADE /* Release */,
			);
			defaultConfigurationIsVisible = 0;
			defaultConfigurationName = Release;
		};
/* End XCConfigurationList section */
	};
	rootObject = 04B7EA19224625C800AADADE /* Project object */;
}
